// !$*UTF8*$!
{
	archiveVersion = 1;
	classes = {
	};
	objectVersion = 56;
	objects = {

/* Begin PBXBuildFile section */
		227FC0CB2A3E1ABA00E27A65 /* AppDelegate.swift in Sources */ = {isa = PBXBuildFile; fileRef = 227FC0CA2A3E1ABA00E27A65 /* AppDelegate.swift */; };
		227FC0CD2A3E1ABA00E27A65 /* SceneDelegate.swift in Sources */ = {isa = PBXBuildFile; fileRef = 227FC0CC2A3E1ABA00E27A65 /* SceneDelegate.swift */; };
		227FC0D42A3E1ABA00E27A65 /* Assets.xcassets in Resources */ = {isa = PBXBuildFile; fileRef = 227FC0D32A3E1ABA00E27A65 /* Assets.xcassets */; };
		227FC0D72A3E1ABA00E27A65 /* LaunchScreen.storyboard in Resources */ = {isa = PBXBuildFile; fileRef = 227FC0D52A3E1ABA00E27A65 /* LaunchScreen.storyboard */; };
		227FC0E22A3E1ABA00E27A65 /* PhotoNFTTests.swift in Sources */ = {isa = PBXBuildFile; fileRef = 227FC0E12A3E1ABA00E27A65 /* PhotoNFTTests.swift */; };
		227FC0EC2A3E1ABA00E27A65 /* PhotoNFTUITests.swift in Sources */ = {isa = PBXBuildFile; fileRef = 227FC0EB2A3E1ABA00E27A65 /* PhotoNFTUITests.swift */; };
		227FC0EE2A3E1ABA00E27A65 /* PhotoNFTUITestsLaunchTests.swift in Sources */ = {isa = PBXBuildFile; fileRef = 227FC0ED2A3E1ABA00E27A65 /* PhotoNFTUITestsLaunchTests.swift */; };
		227FC0FB2A3E1B4D00E27A65 /* TabBarController.swift in Sources */ = {isa = PBXBuildFile; fileRef = 227FC0FA2A3E1B4D00E27A65 /* TabBarController.swift */; };
		227FC0FD2A3E1BC100E27A65 /* Strings.swift in Sources */ = {isa = PBXBuildFile; fileRef = 227FC0FC2A3E1BC100E27A65 /* Strings.swift */; };
		227FC0FF2A3E1D8900E27A65 /* GalleryVC.swift in Sources */ = {isa = PBXBuildFile; fileRef = 227FC0FE2A3E1D8900E27A65 /* GalleryVC.swift */; };
		227FC1012A3E1DDE00E27A65 /* CreateVC.swift in Sources */ = {isa = PBXBuildFile; fileRef = 227FC1002A3E1DDE00E27A65 /* CreateVC.swift */; };
		227FC1032A3E1DE400E27A65 /* MenuVC.swift in Sources */ = {isa = PBXBuildFile; fileRef = 227FC1022A3E1DE400E27A65 /* MenuVC.swift */; };
		227FC1052A3E1F0A00E27A65 /* ImagesModel.swift in Sources */ = {isa = PBXBuildFile; fileRef = 227FC1042A3E1F0A00E27A65 /* ImagesModel.swift */; };
		227FC1072A3E283500E27A65 /* ImageVC.swift in Sources */ = {isa = PBXBuildFile; fileRef = 227FC1062A3E283500E27A65 /* ImageVC.swift */; };
		227FC10C2A3E41D400E27A65 /* ImagePageVC.swift in Sources */ = {isa = PBXBuildFile; fileRef = 227FC10B2A3E41D400E27A65 /* ImagePageVC.swift */; };
		227FC10E2A3EBE7C00E27A65 /* CreateView.swift in Sources */ = {isa = PBXBuildFile; fileRef = 227FC10D2A3EBE7C00E27A65 /* CreateView.swift */; };
		227FC1102A3EC63300E27A65 /* CreatePreviewVC.swift in Sources */ = {isa = PBXBuildFile; fileRef = 227FC10F2A3EC63300E27A65 /* CreatePreviewVC.swift */; };
/* End PBXBuildFile section */

/* Begin PBXContainerItemProxy section */
		227FC0DE2A3E1ABA00E27A65 /* PBXContainerItemProxy */ = {
			isa = PBXContainerItemProxy;
			containerPortal = 227FC0BF2A3E1ABA00E27A65 /* Project object */;
			proxyType = 1;
			remoteGlobalIDString = 227FC0C62A3E1ABA00E27A65;
			remoteInfo = PhotoNFT;
		};
		227FC0E82A3E1ABA00E27A65 /* PBXContainerItemProxy */ = {
			isa = PBXContainerItemProxy;
			containerPortal = 227FC0BF2A3E1ABA00E27A65 /* Project object */;
			proxyType = 1;
			remoteGlobalIDString = 227FC0C62A3E1ABA00E27A65;
			remoteInfo = PhotoNFT;
		};
/* End PBXContainerItemProxy section */

/* Begin PBXFileReference section */
		227FC0C72A3E1ABA00E27A65 /* PhotoNFT.app */ = {isa = PBXFileReference; explicitFileType = wrapper.application; includeInIndex = 0; path = PhotoNFT.app; sourceTree = BUILT_PRODUCTS_DIR; };
		227FC0CA2A3E1ABA00E27A65 /* AppDelegate.swift */ = {isa = PBXFileReference; lastKnownFileType = sourcecode.swift; path = AppDelegate.swift; sourceTree = "<group>"; };
		227FC0CC2A3E1ABA00E27A65 /* SceneDelegate.swift */ = {isa = PBXFileReference; lastKnownFileType = sourcecode.swift; path = SceneDelegate.swift; sourceTree = "<group>"; };
		227FC0D32A3E1ABA00E27A65 /* Assets.xcassets */ = {isa = PBXFileReference; lastKnownFileType = folder.assetcatalog; path = Assets.xcassets; sourceTree = "<group>"; };
		227FC0D62A3E1ABA00E27A65 /* Base */ = {isa = PBXFileReference; lastKnownFileType = file.storyboard; name = Base; path = Base.lproj/LaunchScreen.storyboard; sourceTree = "<group>"; };
		227FC0D82A3E1ABA00E27A65 /* Info.plist */ = {isa = PBXFileReference; lastKnownFileType = text.plist.xml; path = Info.plist; sourceTree = "<group>"; };
		227FC0DD2A3E1ABA00E27A65 /* PhotoNFTTests.xctest */ = {isa = PBXFileReference; explicitFileType = wrapper.cfbundle; includeInIndex = 0; path = PhotoNFTTests.xctest; sourceTree = BUILT_PRODUCTS_DIR; };
		227FC0E12A3E1ABA00E27A65 /* PhotoNFTTests.swift */ = {isa = PBXFileReference; lastKnownFileType = sourcecode.swift; path = PhotoNFTTests.swift; sourceTree = "<group>"; };
		227FC0E72A3E1ABA00E27A65 /* PhotoNFTUITests.xctest */ = {isa = PBXFileReference; explicitFileType = wrapper.cfbundle; includeInIndex = 0; path = PhotoNFTUITests.xctest; sourceTree = BUILT_PRODUCTS_DIR; };
		227FC0EB2A3E1ABA00E27A65 /* PhotoNFTUITests.swift */ = {isa = PBXFileReference; lastKnownFileType = sourcecode.swift; path = PhotoNFTUITests.swift; sourceTree = "<group>"; };
		227FC0ED2A3E1ABA00E27A65 /* PhotoNFTUITestsLaunchTests.swift */ = {isa = PBXFileReference; lastKnownFileType = sourcecode.swift; path = PhotoNFTUITestsLaunchTests.swift; sourceTree = "<group>"; };
		227FC0FA2A3E1B4D00E27A65 /* TabBarController.swift */ = {isa = PBXFileReference; lastKnownFileType = sourcecode.swift; path = TabBarController.swift; sourceTree = "<group>"; };
		227FC0FC2A3E1BC100E27A65 /* Strings.swift */ = {isa = PBXFileReference; lastKnownFileType = sourcecode.swift; path = Strings.swift; sourceTree = "<group>"; };
		227FC0FE2A3E1D8900E27A65 /* GalleryVC.swift */ = {isa = PBXFileReference; lastKnownFileType = sourcecode.swift; path = GalleryVC.swift; sourceTree = "<group>"; };
		227FC1002A3E1DDE00E27A65 /* CreateVC.swift */ = {isa = PBXFileReference; lastKnownFileType = sourcecode.swift; path = CreateVC.swift; sourceTree = "<group>"; };
		227FC1022A3E1DE400E27A65 /* MenuVC.swift */ = {isa = PBXFileReference; lastKnownFileType = sourcecode.swift; path = MenuVC.swift; sourceTree = "<group>"; };
		227FC1042A3E1F0A00E27A65 /* ImagesModel.swift */ = {isa = PBXFileReference; lastKnownFileType = sourcecode.swift; path = ImagesModel.swift; sourceTree = "<group>"; };
		227FC1062A3E283500E27A65 /* ImageVC.swift */ = {isa = PBXFileReference; lastKnownFileType = sourcecode.swift; path = ImageVC.swift; sourceTree = "<group>"; };
		227FC10B2A3E41D400E27A65 /* ImagePageVC.swift */ = {isa = PBXFileReference; lastKnownFileType = sourcecode.swift; path = ImagePageVC.swift; sourceTree = "<group>"; };
		227FC10D2A3EBE7C00E27A65 /* CreateView.swift */ = {isa = PBXFileReference; lastKnownFileType = sourcecode.swift; path = CreateView.swift; sourceTree = "<group>"; };
		227FC10F2A3EC63300E27A65 /* CreatePreviewVC.swift */ = {isa = PBXFileReference; lastKnownFileType = sourcecode.swift; path = CreatePreviewVC.swift; sourceTree = "<group>"; };
/* End PBXFileReference section */

/* Begin PBXFrameworksBuildPhase section */
		227FC0C42A3E1ABA00E27A65 /* Frameworks */ = {
			isa = PBXFrameworksBuildPhase;
			buildActionMask = 2147483647;
			files = (
			);
			runOnlyForDeploymentPostprocessing = 0;
		};
		227FC0DA2A3E1ABA00E27A65 /* Frameworks */ = {
			isa = PBXFrameworksBuildPhase;
			buildActionMask = 2147483647;
			files = (
			);
			runOnlyForDeploymentPostprocessing = 0;
		};
		227FC0E42A3E1ABA00E27A65 /* Frameworks */ = {
			isa = PBXFrameworksBuildPhase;
			buildActionMask = 2147483647;
			files = (
			);
			runOnlyForDeploymentPostprocessing = 0;
		};
/* End PBXFrameworksBuildPhase section */

/* Begin PBXGroup section */
		227FC0BE2A3E1ABA00E27A65 = {
			isa = PBXGroup;
			children = (
				227FC0C92A3E1ABA00E27A65 /* PhotoNFT */,
				227FC0E02A3E1ABA00E27A65 /* PhotoNFTTests */,
				227FC0EA2A3E1ABA00E27A65 /* PhotoNFTUITests */,
				227FC0C82A3E1ABA00E27A65 /* Products */,
			);
			sourceTree = "<group>";
		};
		227FC0C82A3E1ABA00E27A65 /* Products */ = {
			isa = PBXGroup;
			children = (
				227FC0C72A3E1ABA00E27A65 /* PhotoNFT.app */,
				227FC0DD2A3E1ABA00E27A65 /* PhotoNFTTests.xctest */,
				227FC0E72A3E1ABA00E27A65 /* PhotoNFTUITests.xctest */,
			);
			name = Products;
			sourceTree = "<group>";
		};
		227FC0C92A3E1ABA00E27A65 /* PhotoNFT */ = {
			isa = PBXGroup;
			children = (
				227FC0CA2A3E1ABA00E27A65 /* AppDelegate.swift */,
				227FC0CC2A3E1ABA00E27A65 /* SceneDelegate.swift */,
				227FC0FA2A3E1B4D00E27A65 /* TabBarController.swift */,
				227FC1112A3EC63D00E27A65 /* Create */,
				227FC1122A3EC66000E27A65 /* Gallery */,
				227FC1142A3EC68500E27A65 /* Menu */,
				227FC1132A3EC67500E27A65 /* Model */,
				227FC0D32A3E1ABA00E27A65 /* Assets.xcassets */,
				227FC0D52A3E1ABA00E27A65 /* LaunchScreen.storyboard */,
				227FC0D82A3E1ABA00E27A65 /* Info.plist */,
			);
			path = PhotoNFT;
			sourceTree = "<group>";
		};
		227FC0E02A3E1ABA00E27A65 /* PhotoNFTTests */ = {
			isa = PBXGroup;
			children = (
				227FC0E12A3E1ABA00E27A65 /* PhotoNFTTests.swift */,
			);
			path = PhotoNFTTests;
			sourceTree = "<group>";
		};
		227FC0EA2A3E1ABA00E27A65 /* PhotoNFTUITests */ = {
			isa = PBXGroup;
			children = (
				227FC0EB2A3E1ABA00E27A65 /* PhotoNFTUITests.swift */,
				227FC0ED2A3E1ABA00E27A65 /* PhotoNFTUITestsLaunchTests.swift */,
			);
			path = PhotoNFTUITests;
			sourceTree = "<group>";
		};
		227FC1112A3EC63D00E27A65 /* Create */ = {
			isa = PBXGroup;
			children = (
				227FC1002A3E1DDE00E27A65 /* CreateVC.swift */,
				227FC10F2A3EC63300E27A65 /* CreatePreviewVC.swift */,
				227FC10D2A3EBE7C00E27A65 /* CreateView.swift */,
			);
			path = Create;
			sourceTree = "<group>";
		};
		227FC1122A3EC66000E27A65 /* Gallery */ = {
			isa = PBXGroup;
			children = (
				227FC0FE2A3E1D8900E27A65 /* GalleryVC.swift */,
				227FC10B2A3E41D400E27A65 /* ImagePageVC.swift */,
				227FC1062A3E283500E27A65 /* ImageVC.swift */,
			);
			path = Gallery;
			sourceTree = "<group>";
		};
		227FC1132A3EC67500E27A65 /* Model */ = {
			isa = PBXGroup;
			children = (
				227FC1042A3E1F0A00E27A65 /* ImagesModel.swift */,
				227FC0FC2A3E1BC100E27A65 /* Strings.swift */,
			);
			path = Model;
			sourceTree = "<group>";
		};
		227FC1142A3EC68500E27A65 /* Menu */ = {
			isa = PBXGroup;
			children = (
				227FC1022A3E1DE400E27A65 /* MenuVC.swift */,
			);
			path = Menu;
			sourceTree = "<group>";
		};
/* End PBXGroup section */

/* Begin PBXNativeTarget section */
		227FC0C62A3E1ABA00E27A65 /* PhotoNFT */ = {
			isa = PBXNativeTarget;
			buildConfigurationList = 227FC0F12A3E1ABA00E27A65 /* Build configuration list for PBXNativeTarget "PhotoNFT" */;
			buildPhases = (
				227FC0C32A3E1ABA00E27A65 /* Sources */,
				227FC0C42A3E1ABA00E27A65 /* Frameworks */,
				227FC0C52A3E1ABA00E27A65 /* Resources */,
			);
			buildRules = (
			);
			dependencies = (
			);
			name = PhotoNFT;
			productName = PhotoNFT;
			productReference = 227FC0C72A3E1ABA00E27A65 /* PhotoNFT.app */;
			productType = "com.apple.product-type.application";
		};
		227FC0DC2A3E1ABA00E27A65 /* PhotoNFTTests */ = {
			isa = PBXNativeTarget;
			buildConfigurationList = 227FC0F42A3E1ABA00E27A65 /* Build configuration list for PBXNativeTarget "PhotoNFTTests" */;
			buildPhases = (
				227FC0D92A3E1ABA00E27A65 /* Sources */,
				227FC0DA2A3E1ABA00E27A65 /* Frameworks */,
				227FC0DB2A3E1ABA00E27A65 /* Resources */,
			);
			buildRules = (
			);
			dependencies = (
				227FC0DF2A3E1ABA00E27A65 /* PBXTargetDependency */,
			);
			name = PhotoNFTTests;
			productName = PhotoNFTTests;
			productReference = 227FC0DD2A3E1ABA00E27A65 /* PhotoNFTTests.xctest */;
			productType = "com.apple.product-type.bundle.unit-test";
		};
		227FC0E62A3E1ABA00E27A65 /* PhotoNFTUITests */ = {
			isa = PBXNativeTarget;
			buildConfigurationList = 227FC0F72A3E1ABA00E27A65 /* Build configuration list for PBXNativeTarget "PhotoNFTUITests" */;
			buildPhases = (
				227FC0E32A3E1ABA00E27A65 /* Sources */,
				227FC0E42A3E1ABA00E27A65 /* Frameworks */,
				227FC0E52A3E1ABA00E27A65 /* Resources */,
			);
			buildRules = (
			);
			dependencies = (
				227FC0E92A3E1ABA00E27A65 /* PBXTargetDependency */,
			);
			name = PhotoNFTUITests;
			productName = PhotoNFTUITests;
			productReference = 227FC0E72A3E1ABA00E27A65 /* PhotoNFTUITests.xctest */;
			productType = "com.apple.product-type.bundle.ui-testing";
		};
/* End PBXNativeTarget section */

/* Begin PBXProject section */
		227FC0BF2A3E1ABA00E27A65 /* Project object */ = {
			isa = PBXProject;
			attributes = {
				BuildIndependentTargetsInParallel = 1;
				LastSwiftUpdateCheck = 1430;
				LastUpgradeCheck = 1430;
				TargetAttributes = {
					227FC0C62A3E1ABA00E27A65 = {
						CreatedOnToolsVersion = 14.3.1;
					};
					227FC0DC2A3E1ABA00E27A65 = {
						CreatedOnToolsVersion = 14.3.1;
						TestTargetID = 227FC0C62A3E1ABA00E27A65;
					};
					227FC0E62A3E1ABA00E27A65 = {
						CreatedOnToolsVersion = 14.3.1;
						TestTargetID = 227FC0C62A3E1ABA00E27A65;
					};
				};
			};
			buildConfigurationList = 227FC0C22A3E1ABA00E27A65 /* Build configuration list for PBXProject "PhotoNFT" */;
			compatibilityVersion = "Xcode 14.0";
			developmentRegion = en;
			hasScannedForEncodings = 0;
			knownRegions = (
				en,
				Base,
			);
			mainGroup = 227FC0BE2A3E1ABA00E27A65;
			productRefGroup = 227FC0C82A3E1ABA00E27A65 /* Products */;
			projectDirPath = "";
			projectRoot = "";
			targets = (
				227FC0C62A3E1ABA00E27A65 /* PhotoNFT */,
				227FC0DC2A3E1ABA00E27A65 /* PhotoNFTTests */,
				227FC0E62A3E1ABA00E27A65 /* PhotoNFTUITests */,
			);
		};
/* End PBXProject section */

/* Begin PBXResourcesBuildPhase section */
		227FC0C52A3E1ABA00E27A65 /* Resources */ = {
			isa = PBXResourcesBuildPhase;
			buildActionMask = 2147483647;
			files = (
				227FC0D72A3E1ABA00E27A65 /* LaunchScreen.storyboard in Resources */,
				227FC0D42A3E1ABA00E27A65 /* Assets.xcassets in Resources */,
			);
			runOnlyForDeploymentPostprocessing = 0;
		};
		227FC0DB2A3E1ABA00E27A65 /* Resources */ = {
			isa = PBXResourcesBuildPhase;
			buildActionMask = 2147483647;
			files = (
			);
			runOnlyForDeploymentPostprocessing = 0;
		};
		227FC0E52A3E1ABA00E27A65 /* Resources */ = {
			isa = PBXResourcesBuildPhase;
			buildActionMask = 2147483647;
			files = (
			);
			runOnlyForDeploymentPostprocessing = 0;
		};
/* End PBXResourcesBuildPhase section */

/* Begin PBXSourcesBuildPhase section */
		227FC0C32A3E1ABA00E27A65 /* Sources */ = {
			isa = PBXSourcesBuildPhase;
			buildActionMask = 2147483647;
			files = (
				227FC10E2A3EBE7C00E27A65 /* CreateView.swift in Sources */,
				227FC1032A3E1DE400E27A65 /* MenuVC.swift in Sources */,
				227FC0FB2A3E1B4D00E27A65 /* TabBarController.swift in Sources */,
				227FC1102A3EC63300E27A65 /* CreatePreviewVC.swift in Sources */,
				227FC0FF2A3E1D8900E27A65 /* GalleryVC.swift in Sources */,
				227FC10C2A3E41D400E27A65 /* ImagePageVC.swift in Sources */,
				227FC0CB2A3E1ABA00E27A65 /* AppDelegate.swift in Sources */,
				227FC0FD2A3E1BC100E27A65 /* Strings.swift in Sources */,
				227FC1012A3E1DDE00E27A65 /* CreateVC.swift in Sources */,
				227FC0CD2A3E1ABA00E27A65 /* SceneDelegate.swift in Sources */,
				227FC1052A3E1F0A00E27A65 /* ImagesModel.swift in Sources */,
				227FC1072A3E283500E27A65 /* ImageVC.swift in Sources */,
			);
			runOnlyForDeploymentPostprocessing = 0;
		};
		227FC0D92A3E1ABA00E27A65 /* Sources */ = {
			isa = PBXSourcesBuildPhase;
			buildActionMask = 2147483647;
			files = (
				227FC0E22A3E1ABA00E27A65 /* PhotoNFTTests.swift in Sources */,
			);
			runOnlyForDeploymentPostprocessing = 0;
		};
		227FC0E32A3E1ABA00E27A65 /* Sources */ = {
			isa = PBXSourcesBuildPhase;
			buildActionMask = 2147483647;
			files = (
				227FC0EE2A3E1ABA00E27A65 /* PhotoNFTUITestsLaunchTests.swift in Sources */,
				227FC0EC2A3E1ABA00E27A65 /* PhotoNFTUITests.swift in Sources */,
			);
			runOnlyForDeploymentPostprocessing = 0;
		};
/* End PBXSourcesBuildPhase section */

/* Begin PBXTargetDependency section */
		227FC0DF2A3E1ABA00E27A65 /* PBXTargetDependency */ = {
			isa = PBXTargetDependency;
			target = 227FC0C62A3E1ABA00E27A65 /* PhotoNFT */;
			targetProxy = 227FC0DE2A3E1ABA00E27A65 /* PBXContainerItemProxy */;
		};
		227FC0E92A3E1ABA00E27A65 /* PBXTargetDependency */ = {
			isa = PBXTargetDependency;
			target = 227FC0C62A3E1ABA00E27A65 /* PhotoNFT */;
			targetProxy = 227FC0E82A3E1ABA00E27A65 /* PBXContainerItemProxy */;
		};
/* End PBXTargetDependency section */

/* Begin PBXVariantGroup section */
		227FC0D52A3E1ABA00E27A65 /* LaunchScreen.storyboard */ = {
			isa = PBXVariantGroup;
			children = (
				227FC0D62A3E1ABA00E27A65 /* Base */,
			);
			name = LaunchScreen.storyboard;
			sourceTree = "<group>";
		};
/* End PBXVariantGroup section */

/* Begin XCBuildConfiguration section */
		227FC0EF2A3E1ABA00E27A65 /* Debug */ = {
			isa = XCBuildConfiguration;
			buildSettings = {
				ALWAYS_SEARCH_USER_PATHS = NO;
				CLANG_ANALYZER_NONNULL = YES;
				CLANG_ANALYZER_NUMBER_OBJECT_CONVERSION = YES_AGGRESSIVE;
				CLANG_CXX_LANGUAGE_STANDARD = "gnu++20";
				CLANG_ENABLE_MODULES = YES;
				CLANG_ENABLE_OBJC_ARC = YES;
				CLANG_ENABLE_OBJC_WEAK = YES;
				CLANG_WARN_BLOCK_CAPTURE_AUTORELEASING = YES;
				CLANG_WARN_BOOL_CONVERSION = YES;
				CLANG_WARN_COMMA = YES;
				CLANG_WARN_CONSTANT_CONVERSION = YES;
				CLANG_WARN_DEPRECATED_OBJC_IMPLEMENTATIONS = YES;
				CLANG_WARN_DIRECT_OBJC_ISA_USAGE = YES_ERROR;
				CLANG_WARN_DOCUMENTATION_COMMENTS = YES;
				CLANG_WARN_EMPTY_BODY = YES;
				CLANG_WARN_ENUM_CONVERSION = YES;
				CLANG_WARN_INFINITE_RECURSION = YES;
				CLANG_WARN_INT_CONVERSION = YES;
				CLANG_WARN_NON_LITERAL_NULL_CONVERSION = YES;
				CLANG_WARN_OBJC_IMPLICIT_RETAIN_SELF = YES;
				CLANG_WARN_OBJC_LITERAL_CONVERSION = YES;
				CLANG_WARN_OBJC_ROOT_CLASS = YES_ERROR;
				CLANG_WARN_QUOTED_INCLUDE_IN_FRAMEWORK_HEADER = YES;
				CLANG_WARN_RANGE_LOOP_ANALYSIS = YES;
				CLANG_WARN_STRICT_PROTOTYPES = YES;
				CLANG_WARN_SUSPICIOUS_MOVE = YES;
				CLANG_WARN_UNGUARDED_AVAILABILITY = YES_AGGRESSIVE;
				CLANG_WARN_UNREACHABLE_CODE = YES;
				CLANG_WARN__DUPLICATE_METHOD_MATCH = YES;
				COPY_PHASE_STRIP = NO;
				DEBUG_INFORMATION_FORMAT = dwarf;
				ENABLE_STRICT_OBJC_MSGSEND = YES;
				ENABLE_TESTABILITY = YES;
				GCC_C_LANGUAGE_STANDARD = gnu11;
				GCC_DYNAMIC_NO_PIC = NO;
				GCC_NO_COMMON_BLOCKS = YES;
				GCC_OPTIMIZATION_LEVEL = 0;
				GCC_PREPROCESSOR_DEFINITIONS = (
					"DEBUG=1",
					"$(inherited)",
				);
				GCC_WARN_64_TO_32_BIT_CONVERSION = YES;
				GCC_WARN_ABOUT_RETURN_TYPE = YES_ERROR;
				GCC_WARN_UNDECLARED_SELECTOR = YES;
				GCC_WARN_UNINITIALIZED_AUTOS = YES_AGGRESSIVE;
				GCC_WARN_UNUSED_FUNCTION = YES;
				GCC_WARN_UNUSED_VARIABLE = YES;
				IPHONEOS_DEPLOYMENT_TARGET = 16.4;
				MTL_ENABLE_DEBUG_INFO = INCLUDE_SOURCE;
				MTL_FAST_MATH = YES;
				ONLY_ACTIVE_ARCH = YES;
				SDKROOT = iphoneos;
				SWIFT_ACTIVE_COMPILATION_CONDITIONS = DEBUG;
				SWIFT_OPTIMIZATION_LEVEL = "-Onone";
			};
			name = Debug;
		};
		227FC0F02A3E1ABA00E27A65 /* Release */ = {
			isa = XCBuildConfiguration;
			buildSettings = {
				ALWAYS_SEARCH_USER_PATHS = NO;
				CLANG_ANALYZER_NONNULL = YES;
				CLANG_ANALYZER_NUMBER_OBJECT_CONVERSION = YES_AGGRESSIVE;
				CLANG_CXX_LANGUAGE_STANDARD = "gnu++20";
				CLANG_ENABLE_MODULES = YES;
				CLANG_ENABLE_OBJC_ARC = YES;
				CLANG_ENABLE_OBJC_WEAK = YES;
				CLANG_WARN_BLOCK_CAPTURE_AUTORELEASING = YES;
				CLANG_WARN_BOOL_CONVERSION = YES;
				CLANG_WARN_COMMA = YES;
				CLANG_WARN_CONSTANT_CONVERSION = YES;
				CLANG_WARN_DEPRECATED_OBJC_IMPLEMENTATIONS = YES;
				CLANG_WARN_DIRECT_OBJC_ISA_USAGE = YES_ERROR;
				CLANG_WARN_DOCUMENTATION_COMMENTS = YES;
				CLANG_WARN_EMPTY_BODY = YES;
				CLANG_WARN_ENUM_CONVERSION = YES;
				CLANG_WARN_INFINITE_RECURSION = YES;
				CLANG_WARN_INT_CONVERSION = YES;
				CLANG_WARN_NON_LITERAL_NULL_CONVERSION = YES;
				CLANG_WARN_OBJC_IMPLICIT_RETAIN_SELF = YES;
				CLANG_WARN_OBJC_LITERAL_CONVERSION = YES;
				CLANG_WARN_OBJC_ROOT_CLASS = YES_ERROR;
				CLANG_WARN_QUOTED_INCLUDE_IN_FRAMEWORK_HEADER = YES;
				CLANG_WARN_RANGE_LOOP_ANALYSIS = YES;
				CLANG_WARN_STRICT_PROTOTYPES = YES;
				CLANG_WARN_SUSPICIOUS_MOVE = YES;
				CLANG_WARN_UNGUARDED_AVAILABILITY = YES_AGGRESSIVE;
				CLANG_WARN_UNREACHABLE_CODE = YES;
				CLANG_WARN__DUPLICATE_METHOD_MATCH = YES;
				COPY_PHASE_STRIP = NO;
				DEBUG_INFORMATION_FORMAT = "dwarf-with-dsym";
				ENABLE_NS_ASSERTIONS = NO;
				ENABLE_STRICT_OBJC_MSGSEND = YES;
				GCC_C_LANGUAGE_STANDARD = gnu11;
				GCC_NO_COMMON_BLOCKS = YES;
				GCC_WARN_64_TO_32_BIT_CONVERSION = YES;
				GCC_WARN_ABOUT_RETURN_TYPE = YES_ERROR;
				GCC_WARN_UNDECLARED_SELECTOR = YES;
				GCC_WARN_UNINITIALIZED_AUTOS = YES_AGGRESSIVE;
				GCC_WARN_UNUSED_FUNCTION = YES;
				GCC_WARN_UNUSED_VARIABLE = YES;
				IPHONEOS_DEPLOYMENT_TARGET = 16.4;
				MTL_ENABLE_DEBUG_INFO = NO;
				MTL_FAST_MATH = YES;
				SDKROOT = iphoneos;
				SWIFT_COMPILATION_MODE = wholemodule;
				SWIFT_OPTIMIZATION_LEVEL = "-O";
				VALIDATE_PRODUCT = YES;
			};
			name = Release;
		};
		227FC0F22A3E1ABA00E27A65 /* Debug */ = {
			isa = XCBuildConfiguration;
			buildSettings = {
				ASSETCATALOG_COMPILER_APPICON_NAME = AppIcon;
				ASSETCATALOG_COMPILER_GLOBAL_ACCENT_COLOR_NAME = AccentColor;
				CODE_SIGN_STYLE = Automatic;
				CURRENT_PROJECT_VERSION = 1;
				DEVELOPMENT_TEAM = 548MSCVPSD;
				GENERATE_INFOPLIST_FILE = YES;
				INFOPLIST_FILE = PhotoNFT/Info.plist;
				INFOPLIST_KEY_UIApplicationSupportsIndirectInputEvents = YES;
				INFOPLIST_KEY_UILaunchStoryboardName = LaunchScreen;
				INFOPLIST_KEY_UISupportedInterfaceOrientations = "UIInterfaceOrientationLandscapeLeft UIInterfaceOrientationLandscapeRight UIInterfaceOrientationPortrait";
				INFOPLIST_KEY_UISupportedInterfaceOrientations_iPad = "UIInterfaceOrientationLandscapeLeft UIInterfaceOrientationLandscapeRight UIInterfaceOrientationPortrait UIInterfaceOrientationPortraitUpsideDown";
				IPHONEOS_DEPLOYMENT_TARGET = 15.0;
				LD_RUNPATH_SEARCH_PATHS = (
					"$(inherited)",
					"@executable_path/Frameworks",
				);
				MARKETING_VERSION = 1.0;
				PRODUCT_BUNDLE_IDENTIFIER = com.kennanmell.PhotoNFT;
				PRODUCT_NAME = "$(TARGET_NAME)";
				SWIFT_EMIT_LOC_STRINGS = YES;
				SWIFT_VERSION = 5.0;
				TARGETED_DEVICE_FAMILY = "1,2";
			};
			name = Debug;
		};
		227FC0F32A3E1ABA00E27A65 /* Release */ = {
			isa = XCBuildConfiguration;
			buildSettings = {
				ASSETCATALOG_COMPILER_APPICON_NAME = AppIcon;
				ASSETCATALOG_COMPILER_GLOBAL_ACCENT_COLOR_NAME = AccentColor;
				CODE_SIGN_STYLE = Automatic;
				CURRENT_PROJECT_VERSION = 1;
				DEVELOPMENT_TEAM = 548MSCVPSD;
				GENERATE_INFOPLIST_FILE = YES;
				INFOPLIST_FILE = PhotoNFT/Info.plist;
				INFOPLIST_KEY_UIApplicationSupportsIndirectInputEvents = YES;
				INFOPLIST_KEY_UILaunchStoryboardName = LaunchScreen;
				INFOPLIST_KEY_UISupportedInterfaceOrientations = "UIInterfaceOrientationLandscapeLeft UIInterfaceOrientationLandscapeRight UIInterfaceOrientationPortrait";
				INFOPLIST_KEY_UISupportedInterfaceOrientations_iPad = "UIInterfaceOrientationLandscapeLeft UIInterfaceOrientationLandscapeRight UIInterfaceOrientationPortrait UIInterfaceOrientationPortraitUpsideDown";
				IPHONEOS_DEPLOYMENT_TARGET = 15.0;
				LD_RUNPATH_SEARCH_PATHS = (
					"$(inherited)",
					"@executable_path/Frameworks",
				);
				MARKETING_VERSION = 1.0;
				PRODUCT_BUNDLE_IDENTIFIER = com.kennanmell.PhotoNFT;
				PRODUCT_NAME = "$(TARGET_NAME)";
				SWIFT_EMIT_LOC_STRINGS = YES;
				SWIFT_VERSION = 5.0;
				TARGETED_DEVICE_FAMILY = "1,2";
			};
			name = Release;
		};
		227FC0F52A3E1ABA00E27A65 /* Debug */ = {
			isa = XCBuildConfiguration;
			buildSettings = {
				ALWAYS_EMBED_SWIFT_STANDARD_LIBRARIES = YES;
				BUNDLE_LOADER = "$(TEST_HOST)";
				CODE_SIGN_STYLE = Automatic;
				CURRENT_PROJECT_VERSION = 1;
				DEVELOPMENT_TEAM = 548MSCVPSD;
				GENERATE_INFOPLIST_FILE = YES;
				IPHONEOS_DEPLOYMENT_TARGET = 16.4;
				MARKETING_VERSION = 1.0;
				PRODUCT_BUNDLE_IDENTIFIER = com.kennanmell.PhotoNFTTests;
				PRODUCT_NAME = "$(TARGET_NAME)";
				SWIFT_EMIT_LOC_STRINGS = NO;
				SWIFT_VERSION = 5.0;
				TARGETED_DEVICE_FAMILY = "1,2";
				TEST_HOST = "$(BUILT_PRODUCTS_DIR)/PhotoNFT.app/$(BUNDLE_EXECUTABLE_FOLDER_PATH)/PhotoNFT";
			};
			name = Debug;
		};
		227FC0F62A3E1ABA00E27A65 /* Release */ = {
			isa = XCBuildConfiguration;
			buildSettings = {
				ALWAYS_EMBED_SWIFT_STANDARD_LIBRARIES = YES;
				BUNDLE_LOADER = "$(TEST_HOST)";
				CODE_SIGN_STYLE = Automatic;
				CURRENT_PROJECT_VERSION = 1;
				DEVELOPMENT_TEAM = 548MSCVPSD;
				GENERATE_INFOPLIST_FILE = YES;
				IPHONEOS_DEPLOYMENT_TARGET = 16.4;
				MARKETING_VERSION = 1.0;
				PRODUCT_BUNDLE_IDENTIFIER = com.kennanmell.PhotoNFTTests;
				PRODUCT_NAME = "$(TARGET_NAME)";
				SWIFT_EMIT_LOC_STRINGS = NO;
				SWIFT_VERSION = 5.0;
				TARGETED_DEVICE_FAMILY = "1,2";
				TEST_HOST = "$(BUILT_PRODUCTS_DIR)/PhotoNFT.app/$(BUNDLE_EXECUTABLE_FOLDER_PATH)/PhotoNFT";
			};
			name = Release;
		};
		227FC0F82A3E1ABA00E27A65 /* Debug */ = {
			isa = XCBuildConfiguration;
			buildSettings = {
				ALWAYS_EMBED_SWIFT_STANDARD_LIBRARIES = YES;
				CODE_SIGN_STYLE = Automatic;
				CURRENT_PROJECT_VERSION = 1;
				DEVELOPMENT_TEAM = 548MSCVPSD;
				GENERATE_INFOPLIST_FILE = YES;
				MARKETING_VERSION = 1.0;
				PRODUCT_BUNDLE_IDENTIFIER = com.kennanmell.PhotoNFTUITests;
				PRODUCT_NAME = "$(TARGET_NAME)";
				SWIFT_EMIT_LOC_STRINGS = NO;
				SWIFT_VERSION = 5.0;
				TARGETED_DEVICE_FAMILY = "1,2";
				TEST_TARGET_NAME = PhotoNFT;
			};
			name = Debug;
		};
		227FC0F92A3E1ABA00E27A65 /* Release */ = {
			isa = XCBuildConfiguration;
			buildSettings = {
				ALWAYS_EMBED_SWIFT_STANDARD_LIBRARIES = YES;
				CODE_SIGN_STYLE = Automatic;
				CURRENT_PROJECT_VERSION = 1;
				DEVELOPMENT_TEAM = 548MSCVPSD;
				GENERATE_INFOPLIST_FILE = YES;
				MARKETING_VERSION = 1.0;
				PRODUCT_BUNDLE_IDENTIFIER = com.kennanmell.PhotoNFTUITests;
				PRODUCT_NAME = "$(TARGET_NAME)";
				SWIFT_EMIT_LOC_STRINGS = NO;
				SWIFT_VERSION = 5.0;
				TARGETED_DEVICE_FAMILY = "1,2";
				TEST_TARGET_NAME = PhotoNFT;
			};
			name = Release;
		};
/* End XCBuildConfiguration section */

/* Begin XCConfigurationList section */
		227FC0C22A3E1ABA00E27A65 /* Build configuration list for PBXProject "PhotoNFT" */ = {
			isa = XCConfigurationList;
			buildConfigurations = (
				227FC0EF2A3E1ABA00E27A65 /* Debug */,
				227FC0F02A3E1ABA00E27A65 /* Release */,
			);
			defaultConfigurationIsVisible = 0;
			defaultConfigurationName = Release;
		};
		227FC0F12A3E1ABA00E27A65 /* Build configuration list for PBXNativeTarget "PhotoNFT" */ = {
			isa = XCConfigurationList;
			buildConfigurations = (
				227FC0F22A3E1ABA00E27A65 /* Debug */,
				227FC0F32A3E1ABA00E27A65 /* Release */,
			);
			defaultConfigurationIsVisible = 0;
			defaultConfigurationName = Release;
		};
		227FC0F42A3E1ABA00E27A65 /* Build configuration list for PBXNativeTarget "PhotoNFTTests" */ = {
			isa = XCConfigurationList;
			buildConfigurations = (
				227FC0F52A3E1ABA00E27A65 /* Debug */,
				227FC0F62A3E1ABA00E27A65 /* Release */,
			);
			defaultConfigurationIsVisible = 0;
			defaultConfigurationName = Release;
		};
		227FC0F72A3E1ABA00E27A65 /* Build configuration list for PBXNativeTarget "PhotoNFTUITests" */ = {
			isa = XCConfigurationList;
			buildConfigurations = (
				227FC0F82A3E1ABA00E27A65 /* Debug */,
				227FC0F92A3E1ABA00E27A65 /* Release */,
			);
			defaultConfigurationIsVisible = 0;
			defaultConfigurationName = Release;
		};
/* End XCConfigurationList section */
	};
	rootObject = 227FC0BF2A3E1ABA00E27A65 /* Project object */;
}
